
Microsoft Visual Studio Solution File, Format Version 12.00
# Visual Studio Version 17
VisualStudioVersion = 17.5.33530.505
MinimumVisualStudioVersion = 10.0.40219.1
Project("{FAE04EC0-301F-11D3-BF4B-00C04F79EFBC}") = "Programa10", "Programa10\Programa10.csproj", "{FBB2285F-A414-456C-BA50-CD992DD399A0}"
EndProject
Global
	GlobalSection(SolutionConfigurationPlatforms) = preSolution
		Debug|Any CPU = Debug|Any CPU
		Release|Any CPU = Release|Any CPU
	EndGlobalSection
	GlobalSection(ProjectConfigurationPlatforms) = postSolution
		{FBB2285F-A414-456C-BA50-CD992DD399A0}.Debug|Any CPU.ActiveCfg = Debug|Any CPU
		{FBB2285F-A414-456C-BA50-CD992DD399A0}.Debug|Any CPU.Build.0 = Debug|Any CPU
		{FBB2285F-A414-456C-BA50-CD992DD399A0}.Release|Any CPU.ActiveCfg = Release|Any CPU
		{FBB2285F-A414-456C-BA50-CD992DD399A0}.Release|Any CPU.Build.0 = Release|Any CPU
	EndGlobalSection
	GlobalSection(SolutionProperties) = preSolution
		HideSolutionNode = FALSE
	EndGlobalSection
	GlobalSection(ExtensibilityGlobals) = postSolution
		SolutionGuid = {F11E0154-AB95-4641-9B92-466948A3E982}
	EndGlobalSection
EndGlobal
