
Microsoft Visual Studio Solution File, Format Version 12.00
# Visual Studio Version 17
VisualStudioVersion = 17.5.33530.505
MinimumVisualStudioVersion = 10.0.40219.1
Project("{FAE04EC0-301F-11D3-BF4B-00C04F79EFBC}") = "Programa13", "Programa13\Programa13.csproj", "{69C5FE5E-DFC3-4EB3-9049-E2B291038FEC}"
EndProject
Global
	GlobalSection(SolutionConfigurationPlatforms) = preSolution
		Debug|Any CPU = Debug|Any CPU
		Release|Any CPU = Release|Any CPU
	EndGlobalSection
	GlobalSection(ProjectConfigurationPlatforms) = postSolution
		{69C5FE5E-DFC3-4EB3-9049-E2B291038FEC}.Debug|Any CPU.ActiveCfg = Debug|Any CPU
		{69C5FE5E-DFC3-4EB3-9049-E2B291038FEC}.Debug|Any CPU.Build.0 = Debug|Any CPU
		{69C5FE5E-DFC3-4EB3-9049-E2B291038FEC}.Release|Any CPU.ActiveCfg = Release|Any CPU
		{69C5FE5E-DFC3-4EB3-9049-E2B291038FEC}.Release|Any CPU.Build.0 = Release|Any CPU
	EndGlobalSection
	GlobalSection(SolutionProperties) = preSolution
		HideSolutionNode = FALSE
	EndGlobalSection
	GlobalSection(ExtensibilityGlobals) = postSolution
		SolutionGuid = {51275811-702D-4D36-89F6-B9951324B9F1}
	EndGlobalSection
EndGlobal
