
Microsoft Visual Studio Solution File, Format Version 12.00
# Visual Studio Version 17
VisualStudioVersion = 17.5.33530.505
MinimumVisualStudioVersion = 10.0.40219.1
Project("{FAE04EC0-301F-11D3-BF4B-00C04F79EFBC}") = "Programa42", "Programa42\Programa42.csproj", "{53E6C999-E133-4E41-85C3-D8BFF14458CE}"
EndProject
Global
	GlobalSection(SolutionConfigurationPlatforms) = preSolution
		Debug|Any CPU = Debug|Any CPU
		Release|Any CPU = Release|Any CPU
	EndGlobalSection
	GlobalSection(ProjectConfigurationPlatforms) = postSolution
		{53E6C999-E133-4E41-85C3-D8BFF14458CE}.Debug|Any CPU.ActiveCfg = Debug|Any CPU
		{53E6C999-E133-4E41-85C3-D8BFF14458CE}.Debug|Any CPU.Build.0 = Debug|Any CPU
		{53E6C999-E133-4E41-85C3-D8BFF14458CE}.Release|Any CPU.ActiveCfg = Release|Any CPU
		{53E6C999-E133-4E41-85C3-D8BFF14458CE}.Release|Any CPU.Build.0 = Release|Any CPU
	EndGlobalSection
	GlobalSection(SolutionProperties) = preSolution
		HideSolutionNode = FALSE
	EndGlobalSection
	GlobalSection(ExtensibilityGlobals) = postSolution
		SolutionGuid = {460C90D1-DF37-41CB-A1E0-B4B34C2757D7}
	EndGlobalSection
EndGlobal
