
Microsoft Visual Studio Solution File, Format Version 12.00
# Visual Studio Version 17
VisualStudioVersion = 17.5.33530.505
MinimumVisualStudioVersion = 10.0.40219.1
Project("{FAE04EC0-301F-11D3-BF4B-00C04F79EFBC}") = "Programa7", "Programa7\Programa7.csproj", "{16921719-7915-4028-B0CC-B1D14CD08562}"
EndProject
Global
	GlobalSection(SolutionConfigurationPlatforms) = preSolution
		Debug|Any CPU = Debug|Any CPU
		Release|Any CPU = Release|Any CPU
	EndGlobalSection
	GlobalSection(ProjectConfigurationPlatforms) = postSolution
		{16921719-7915-4028-B0CC-B1D14CD08562}.Debug|Any CPU.ActiveCfg = Debug|Any CPU
		{16921719-7915-4028-B0CC-B1D14CD08562}.Debug|Any CPU.Build.0 = Debug|Any CPU
		{16921719-7915-4028-B0CC-B1D14CD08562}.Release|Any CPU.ActiveCfg = Release|Any CPU
		{16921719-7915-4028-B0CC-B1D14CD08562}.Release|Any CPU.Build.0 = Release|Any CPU
	EndGlobalSection
	GlobalSection(SolutionProperties) = preSolution
		HideSolutionNode = FALSE
	EndGlobalSection
	GlobalSection(ExtensibilityGlobals) = postSolution
		SolutionGuid = {C8944BD3-4708-4252-B3B4-614F71C2E50B}
	EndGlobalSection
EndGlobal
