
Microsoft Visual Studio Solution File, Format Version 12.00
# Visual Studio Version 17
VisualStudioVersion = 17.5.33530.505
MinimumVisualStudioVersion = 10.0.40219.1
Project("{FAE04EC0-301F-11D3-BF4B-00C04F79EFBC}") = "Programa44", "Programa44\Programa44.csproj", "{F8F86783-BB49-47CD-A202-FC7B6D269B6E}"
EndProject
Global
	GlobalSection(SolutionConfigurationPlatforms) = preSolution
		Debug|Any CPU = Debug|Any CPU
		Release|Any CPU = Release|Any CPU
	EndGlobalSection
	GlobalSection(ProjectConfigurationPlatforms) = postSolution
		{F8F86783-BB49-47CD-A202-FC7B6D269B6E}.Debug|Any CPU.ActiveCfg = Debug|Any CPU
		{F8F86783-BB49-47CD-A202-FC7B6D269B6E}.Debug|Any CPU.Build.0 = Debug|Any CPU
		{F8F86783-BB49-47CD-A202-FC7B6D269B6E}.Release|Any CPU.ActiveCfg = Release|Any CPU
		{F8F86783-BB49-47CD-A202-FC7B6D269B6E}.Release|Any CPU.Build.0 = Release|Any CPU
	EndGlobalSection
	GlobalSection(SolutionProperties) = preSolution
		HideSolutionNode = FALSE
	EndGlobalSection
	GlobalSection(ExtensibilityGlobals) = postSolution
		SolutionGuid = {F4EAAD63-F1AE-4E86-B103-C3E9B6CAB234}
	EndGlobalSection
EndGlobal
