
Microsoft Visual Studio Solution File, Format Version 12.00
# Visual Studio Version 17
VisualStudioVersion = 17.5.33530.505
MinimumVisualStudioVersion = 10.0.40219.1
Project("{FAE04EC0-301F-11D3-BF4B-00C04F79EFBC}") = "Programa35", "Programa35\Programa35.csproj", "{95AA2D11-C9CC-4F44-AA3F-115978F0A223}"
EndProject
Global
	GlobalSection(SolutionConfigurationPlatforms) = preSolution
		Debug|Any CPU = Debug|Any CPU
		Release|Any CPU = Release|Any CPU
	EndGlobalSection
	GlobalSection(ProjectConfigurationPlatforms) = postSolution
		{95AA2D11-C9CC-4F44-AA3F-115978F0A223}.Debug|Any CPU.ActiveCfg = Debug|Any CPU
		{95AA2D11-C9CC-4F44-AA3F-115978F0A223}.Debug|Any CPU.Build.0 = Debug|Any CPU
		{95AA2D11-C9CC-4F44-AA3F-115978F0A223}.Release|Any CPU.ActiveCfg = Release|Any CPU
		{95AA2D11-C9CC-4F44-AA3F-115978F0A223}.Release|Any CPU.Build.0 = Release|Any CPU
	EndGlobalSection
	GlobalSection(SolutionProperties) = preSolution
		HideSolutionNode = FALSE
	EndGlobalSection
	GlobalSection(ExtensibilityGlobals) = postSolution
		SolutionGuid = {79E6D61A-DE5A-4748-BB35-51B7CE01AC61}
	EndGlobalSection
EndGlobal
