
Microsoft Visual Studio Solution File, Format Version 12.00
# Visual Studio Version 17
VisualStudioVersion = 17.5.33530.505
MinimumVisualStudioVersion = 10.0.40219.1
Project("{FAE04EC0-301F-11D3-BF4B-00C04F79EFBC}") = "Programa56", "Programa56\Programa56.csproj", "{67B6538A-5ABE-4F18-8200-5FB84C04037B}"
EndProject
Global
	GlobalSection(SolutionConfigurationPlatforms) = preSolution
		Debug|Any CPU = Debug|Any CPU
		Release|Any CPU = Release|Any CPU
	EndGlobalSection
	GlobalSection(ProjectConfigurationPlatforms) = postSolution
		{67B6538A-5ABE-4F18-8200-5FB84C04037B}.Debug|Any CPU.ActiveCfg = Debug|Any CPU
		{67B6538A-5ABE-4F18-8200-5FB84C04037B}.Debug|Any CPU.Build.0 = Debug|Any CPU
		{67B6538A-5ABE-4F18-8200-5FB84C04037B}.Release|Any CPU.ActiveCfg = Release|Any CPU
		{67B6538A-5ABE-4F18-8200-5FB84C04037B}.Release|Any CPU.Build.0 = Release|Any CPU
	EndGlobalSection
	GlobalSection(SolutionProperties) = preSolution
		HideSolutionNode = FALSE
	EndGlobalSection
	GlobalSection(ExtensibilityGlobals) = postSolution
		SolutionGuid = {2A9D0481-9335-4B1E-B8FF-A143D6D4EFF9}
	EndGlobalSection
EndGlobal
