
Microsoft Visual Studio Solution File, Format Version 12.00
# Visual Studio Version 17
VisualStudioVersion = 17.5.33530.505
MinimumVisualStudioVersion = 10.0.40219.1
Project("{FAE04EC0-301F-11D3-BF4B-00C04F79EFBC}") = "Programa53", "Programa53\Programa53.csproj", "{0777242B-5B71-462F-B1D2-43943E1BCA1C}"
EndProject
Global
	GlobalSection(SolutionConfigurationPlatforms) = preSolution
		Debug|Any CPU = Debug|Any CPU
		Release|Any CPU = Release|Any CPU
	EndGlobalSection
	GlobalSection(ProjectConfigurationPlatforms) = postSolution
		{0777242B-5B71-462F-B1D2-43943E1BCA1C}.Debug|Any CPU.ActiveCfg = Debug|Any CPU
		{0777242B-5B71-462F-B1D2-43943E1BCA1C}.Debug|Any CPU.Build.0 = Debug|Any CPU
		{0777242B-5B71-462F-B1D2-43943E1BCA1C}.Release|Any CPU.ActiveCfg = Release|Any CPU
		{0777242B-5B71-462F-B1D2-43943E1BCA1C}.Release|Any CPU.Build.0 = Release|Any CPU
	EndGlobalSection
	GlobalSection(SolutionProperties) = preSolution
		HideSolutionNode = FALSE
	EndGlobalSection
	GlobalSection(ExtensibilityGlobals) = postSolution
		SolutionGuid = {838A78DB-EC67-4386-905E-1506378985BD}
	EndGlobalSection
EndGlobal
