
Microsoft Visual Studio Solution File, Format Version 12.00
# Visual Studio Version 17
VisualStudioVersion = 17.5.33530.505
MinimumVisualStudioVersion = 10.0.40219.1
Project("{FAE04EC0-301F-11D3-BF4B-00C04F79EFBC}") = "Programa29", "Programa29\Programa29.csproj", "{78F7F7E4-734D-4688-A7A7-C8C894919882}"
EndProject
Global
	GlobalSection(SolutionConfigurationPlatforms) = preSolution
		Debug|Any CPU = Debug|Any CPU
		Release|Any CPU = Release|Any CPU
	EndGlobalSection
	GlobalSection(ProjectConfigurationPlatforms) = postSolution
		{78F7F7E4-734D-4688-A7A7-C8C894919882}.Debug|Any CPU.ActiveCfg = Debug|Any CPU
		{78F7F7E4-734D-4688-A7A7-C8C894919882}.Debug|Any CPU.Build.0 = Debug|Any CPU
		{78F7F7E4-734D-4688-A7A7-C8C894919882}.Release|Any CPU.ActiveCfg = Release|Any CPU
		{78F7F7E4-734D-4688-A7A7-C8C894919882}.Release|Any CPU.Build.0 = Release|Any CPU
	EndGlobalSection
	GlobalSection(SolutionProperties) = preSolution
		HideSolutionNode = FALSE
	EndGlobalSection
	GlobalSection(ExtensibilityGlobals) = postSolution
		SolutionGuid = {DE98127C-7912-4757-BBBB-5649FB628818}
	EndGlobalSection
EndGlobal
