
Microsoft Visual Studio Solution File, Format Version 12.00
# Visual Studio Version 17
VisualStudioVersion = 17.5.33530.505
MinimumVisualStudioVersion = 10.0.40219.1
Project("{FAE04EC0-301F-11D3-BF4B-00C04F79EFBC}") = "Programa11", "Programa11\Programa11.csproj", "{3ACCE2B9-D843-411A-B58A-1DBF760B1F9B}"
EndProject
Global
	GlobalSection(SolutionConfigurationPlatforms) = preSolution
		Debug|Any CPU = Debug|Any CPU
		Release|Any CPU = Release|Any CPU
	EndGlobalSection
	GlobalSection(ProjectConfigurationPlatforms) = postSolution
		{3ACCE2B9-D843-411A-B58A-1DBF760B1F9B}.Debug|Any CPU.ActiveCfg = Debug|Any CPU
		{3ACCE2B9-D843-411A-B58A-1DBF760B1F9B}.Debug|Any CPU.Build.0 = Debug|Any CPU
		{3ACCE2B9-D843-411A-B58A-1DBF760B1F9B}.Release|Any CPU.ActiveCfg = Release|Any CPU
		{3ACCE2B9-D843-411A-B58A-1DBF760B1F9B}.Release|Any CPU.Build.0 = Release|Any CPU
	EndGlobalSection
	GlobalSection(SolutionProperties) = preSolution
		HideSolutionNode = FALSE
	EndGlobalSection
	GlobalSection(ExtensibilityGlobals) = postSolution
		SolutionGuid = {300A1481-6EB8-49A5-8B0D-2A0841C06DA0}
	EndGlobalSection
EndGlobal
