
Microsoft Visual Studio Solution File, Format Version 12.00
# Visual Studio Version 17
VisualStudioVersion = 17.5.33530.505
MinimumVisualStudioVersion = 10.0.40219.1
Project("{FAE04EC0-301F-11D3-BF4B-00C04F79EFBC}") = "WinFormsApp2", "WinFormsApp2\WinFormsApp2.csproj", "{946E38B4-A271-4A74-AB4C-6F8E56579C2D}"
EndProject
Global
	GlobalSection(SolutionConfigurationPlatforms) = preSolution
		Debug|Any CPU = Debug|Any CPU
		Release|Any CPU = Release|Any CPU
	EndGlobalSection
	GlobalSection(ProjectConfigurationPlatforms) = postSolution
		{946E38B4-A271-4A74-AB4C-6F8E56579C2D}.Debug|Any CPU.ActiveCfg = Debug|Any CPU
		{946E38B4-A271-4A74-AB4C-6F8E56579C2D}.Debug|Any CPU.Build.0 = Debug|Any CPU
		{946E38B4-A271-4A74-AB4C-6F8E56579C2D}.Release|Any CPU.ActiveCfg = Release|Any CPU
		{946E38B4-A271-4A74-AB4C-6F8E56579C2D}.Release|Any CPU.Build.0 = Release|Any CPU
	EndGlobalSection
	GlobalSection(SolutionProperties) = preSolution
		HideSolutionNode = FALSE
	EndGlobalSection
	GlobalSection(ExtensibilityGlobals) = postSolution
		SolutionGuid = {6A49D8E1-74B1-4336-851F-6561C201EFFC}
	EndGlobalSection
EndGlobal
