
Microsoft Visual Studio Solution File, Format Version 12.00
# Visual Studio Version 17
VisualStudioVersion = 17.5.33530.505
MinimumVisualStudioVersion = 10.0.40219.1
Project("{FAE04EC0-301F-11D3-BF4B-00C04F79EFBC}") = "Programa19", "Programa19\Programa19.csproj", "{BEA2A54F-0286-4F1E-94CB-7B0EBC7FA8D5}"
EndProject
Global
	GlobalSection(SolutionConfigurationPlatforms) = preSolution
		Debug|Any CPU = Debug|Any CPU
		Release|Any CPU = Release|Any CPU
	EndGlobalSection
	GlobalSection(ProjectConfigurationPlatforms) = postSolution
		{BEA2A54F-0286-4F1E-94CB-7B0EBC7FA8D5}.Debug|Any CPU.ActiveCfg = Debug|Any CPU
		{BEA2A54F-0286-4F1E-94CB-7B0EBC7FA8D5}.Debug|Any CPU.Build.0 = Debug|Any CPU
		{BEA2A54F-0286-4F1E-94CB-7B0EBC7FA8D5}.Release|Any CPU.ActiveCfg = Release|Any CPU
		{BEA2A54F-0286-4F1E-94CB-7B0EBC7FA8D5}.Release|Any CPU.Build.0 = Release|Any CPU
	EndGlobalSection
	GlobalSection(SolutionProperties) = preSolution
		HideSolutionNode = FALSE
	EndGlobalSection
	GlobalSection(ExtensibilityGlobals) = postSolution
		SolutionGuid = {72346F8F-8BBB-4736-8261-9A95E9A5D673}
	EndGlobalSection
EndGlobal
