
Microsoft Visual Studio Solution File, Format Version 12.00
# Visual Studio Version 17
VisualStudioVersion = 17.5.33530.505
MinimumVisualStudioVersion = 10.0.40219.1
Project("{FAE04EC0-301F-11D3-BF4B-00C04F79EFBC}") = "Programa4", "Programa4\Programa4.csproj", "{5D06A7CB-6428-48EB-8F7E-8DE9A1ADD0CB}"
EndProject
Global
	GlobalSection(SolutionConfigurationPlatforms) = preSolution
		Debug|Any CPU = Debug|Any CPU
		Release|Any CPU = Release|Any CPU
	EndGlobalSection
	GlobalSection(ProjectConfigurationPlatforms) = postSolution
		{5D06A7CB-6428-48EB-8F7E-8DE9A1ADD0CB}.Debug|Any CPU.ActiveCfg = Debug|Any CPU
		{5D06A7CB-6428-48EB-8F7E-8DE9A1ADD0CB}.Debug|Any CPU.Build.0 = Debug|Any CPU
		{5D06A7CB-6428-48EB-8F7E-8DE9A1ADD0CB}.Release|Any CPU.ActiveCfg = Release|Any CPU
		{5D06A7CB-6428-48EB-8F7E-8DE9A1ADD0CB}.Release|Any CPU.Build.0 = Release|Any CPU
	EndGlobalSection
	GlobalSection(SolutionProperties) = preSolution
		HideSolutionNode = FALSE
	EndGlobalSection
	GlobalSection(ExtensibilityGlobals) = postSolution
		SolutionGuid = {75A98C8D-62CC-4AC2-A285-E8F36003D94B}
	EndGlobalSection
EndGlobal
