
Microsoft Visual Studio Solution File, Format Version 12.00
# Visual Studio Version 17
VisualStudioVersion = 17.5.33530.505
MinimumVisualStudioVersion = 10.0.40219.1
Project("{FAE04EC0-301F-11D3-BF4B-00C04F79EFBC}") = "Programa21", "Programa21\Programa21.csproj", "{E57FB9AD-A268-4328-9C91-93BE79464F59}"
EndProject
Global
	GlobalSection(SolutionConfigurationPlatforms) = preSolution
		Debug|Any CPU = Debug|Any CPU
		Release|Any CPU = Release|Any CPU
	EndGlobalSection
	GlobalSection(ProjectConfigurationPlatforms) = postSolution
		{E57FB9AD-A268-4328-9C91-93BE79464F59}.Debug|Any CPU.ActiveCfg = Debug|Any CPU
		{E57FB9AD-A268-4328-9C91-93BE79464F59}.Debug|Any CPU.Build.0 = Debug|Any CPU
		{E57FB9AD-A268-4328-9C91-93BE79464F59}.Release|Any CPU.ActiveCfg = Release|Any CPU
		{E57FB9AD-A268-4328-9C91-93BE79464F59}.Release|Any CPU.Build.0 = Release|Any CPU
	EndGlobalSection
	GlobalSection(SolutionProperties) = preSolution
		HideSolutionNode = FALSE
	EndGlobalSection
	GlobalSection(ExtensibilityGlobals) = postSolution
		SolutionGuid = {5612362C-3814-4BCC-A4F5-EC5455564CD0}
	EndGlobalSection
EndGlobal
