
Microsoft Visual Studio Solution File, Format Version 12.00
# Visual Studio Version 17
VisualStudioVersion = 17.5.33530.505
MinimumVisualStudioVersion = 10.0.40219.1
Project("{FAE04EC0-301F-11D3-BF4B-00C04F79EFBC}") = "Programa52", "Programa52\Programa52.csproj", "{620E3816-7E1B-480C-AADD-FFFF84FF13AE}"
EndProject
Global
	GlobalSection(SolutionConfigurationPlatforms) = preSolution
		Debug|Any CPU = Debug|Any CPU
		Release|Any CPU = Release|Any CPU
	EndGlobalSection
	GlobalSection(ProjectConfigurationPlatforms) = postSolution
		{620E3816-7E1B-480C-AADD-FFFF84FF13AE}.Debug|Any CPU.ActiveCfg = Debug|Any CPU
		{620E3816-7E1B-480C-AADD-FFFF84FF13AE}.Debug|Any CPU.Build.0 = Debug|Any CPU
		{620E3816-7E1B-480C-AADD-FFFF84FF13AE}.Release|Any CPU.ActiveCfg = Release|Any CPU
		{620E3816-7E1B-480C-AADD-FFFF84FF13AE}.Release|Any CPU.Build.0 = Release|Any CPU
	EndGlobalSection
	GlobalSection(SolutionProperties) = preSolution
		HideSolutionNode = FALSE
	EndGlobalSection
	GlobalSection(ExtensibilityGlobals) = postSolution
		SolutionGuid = {7945E8E8-C250-4185-97AD-712102DD61A2}
	EndGlobalSection
EndGlobal
