
Microsoft Visual Studio Solution File, Format Version 12.00
# Visual Studio Version 17
VisualStudioVersion = 17.5.33530.505
MinimumVisualStudioVersion = 10.0.40219.1
Project("{FAE04EC0-301F-11D3-BF4B-00C04F79EFBC}") = "WindowsFormsApp3", "WindowsFormsApp3\WindowsFormsApp3.csproj", "{F505C4C1-DAF6-4A04-AA3F-2246CD6EB297}"
EndProject
Global
	GlobalSection(SolutionConfigurationPlatforms) = preSolution
		Debug|Any CPU = Debug|Any CPU
		Release|Any CPU = Release|Any CPU
	EndGlobalSection
	GlobalSection(ProjectConfigurationPlatforms) = postSolution
		{F505C4C1-DAF6-4A04-AA3F-2246CD6EB297}.Debug|Any CPU.ActiveCfg = Debug|Any CPU
		{F505C4C1-DAF6-4A04-AA3F-2246CD6EB297}.Debug|Any CPU.Build.0 = Debug|Any CPU
		{F505C4C1-DAF6-4A04-AA3F-2246CD6EB297}.Release|Any CPU.ActiveCfg = Release|Any CPU
		{F505C4C1-DAF6-4A04-AA3F-2246CD6EB297}.Release|Any CPU.Build.0 = Release|Any CPU
	EndGlobalSection
	GlobalSection(SolutionProperties) = preSolution
		HideSolutionNode = FALSE
	EndGlobalSection
	GlobalSection(ExtensibilityGlobals) = postSolution
		SolutionGuid = {FB0A7A7A-6BA2-40EB-AEDB-650E712782DF}
	EndGlobalSection
EndGlobal
