
Microsoft Visual Studio Solution File, Format Version 12.00
# Visual Studio Version 17
VisualStudioVersion = 17.5.33530.505
MinimumVisualStudioVersion = 10.0.40219.1
Project("{FAE04EC0-301F-11D3-BF4B-00C04F79EFBC}") = "Programa37", "Programa37\Programa37.csproj", "{432F5523-8E59-4B6D-A949-15D5EE319AFF}"
EndProject
Global
	GlobalSection(SolutionConfigurationPlatforms) = preSolution
		Debug|Any CPU = Debug|Any CPU
		Release|Any CPU = Release|Any CPU
	EndGlobalSection
	GlobalSection(ProjectConfigurationPlatforms) = postSolution
		{432F5523-8E59-4B6D-A949-15D5EE319AFF}.Debug|Any CPU.ActiveCfg = Debug|Any CPU
		{432F5523-8E59-4B6D-A949-15D5EE319AFF}.Debug|Any CPU.Build.0 = Debug|Any CPU
		{432F5523-8E59-4B6D-A949-15D5EE319AFF}.Release|Any CPU.ActiveCfg = Release|Any CPU
		{432F5523-8E59-4B6D-A949-15D5EE319AFF}.Release|Any CPU.Build.0 = Release|Any CPU
	EndGlobalSection
	GlobalSection(SolutionProperties) = preSolution
		HideSolutionNode = FALSE
	EndGlobalSection
	GlobalSection(ExtensibilityGlobals) = postSolution
		SolutionGuid = {BD3E53E1-5D52-4FDE-A4BB-2C80E55EE4EA}
	EndGlobalSection
EndGlobal
