
Microsoft Visual Studio Solution File, Format Version 12.00
# Visual Studio Version 17
VisualStudioVersion = 17.5.33530.505
MinimumVisualStudioVersion = 10.0.40219.1
Project("{FAE04EC0-301F-11D3-BF4B-00C04F79EFBC}") = "Programa50", "Programa50\Programa50.csproj", "{349AB93A-C78E-4083-8E21-26D88A760816}"
EndProject
Global
	GlobalSection(SolutionConfigurationPlatforms) = preSolution
		Debug|Any CPU = Debug|Any CPU
		Release|Any CPU = Release|Any CPU
	EndGlobalSection
	GlobalSection(ProjectConfigurationPlatforms) = postSolution
		{349AB93A-C78E-4083-8E21-26D88A760816}.Debug|Any CPU.ActiveCfg = Debug|Any CPU
		{349AB93A-C78E-4083-8E21-26D88A760816}.Debug|Any CPU.Build.0 = Debug|Any CPU
		{349AB93A-C78E-4083-8E21-26D88A760816}.Release|Any CPU.ActiveCfg = Release|Any CPU
		{349AB93A-C78E-4083-8E21-26D88A760816}.Release|Any CPU.Build.0 = Release|Any CPU
	EndGlobalSection
	GlobalSection(SolutionProperties) = preSolution
		HideSolutionNode = FALSE
	EndGlobalSection
	GlobalSection(ExtensibilityGlobals) = postSolution
		SolutionGuid = {D120D3F3-5245-4F08-9E2B-5161F56B231F}
	EndGlobalSection
EndGlobal
