
Microsoft Visual Studio Solution File, Format Version 12.00
# Visual Studio Version 17
VisualStudioVersion = 17.5.33530.505
MinimumVisualStudioVersion = 10.0.40219.1
Project("{FAE04EC0-301F-11D3-BF4B-00C04F79EFBC}") = "Programa26", "Programa26\Programa26.csproj", "{1AD83739-14C0-48CE-B1E6-99449397836A}"
EndProject
Global
	GlobalSection(SolutionConfigurationPlatforms) = preSolution
		Debug|Any CPU = Debug|Any CPU
		Release|Any CPU = Release|Any CPU
	EndGlobalSection
	GlobalSection(ProjectConfigurationPlatforms) = postSolution
		{1AD83739-14C0-48CE-B1E6-99449397836A}.Debug|Any CPU.ActiveCfg = Debug|Any CPU
		{1AD83739-14C0-48CE-B1E6-99449397836A}.Debug|Any CPU.Build.0 = Debug|Any CPU
		{1AD83739-14C0-48CE-B1E6-99449397836A}.Release|Any CPU.ActiveCfg = Release|Any CPU
		{1AD83739-14C0-48CE-B1E6-99449397836A}.Release|Any CPU.Build.0 = Release|Any CPU
	EndGlobalSection
	GlobalSection(SolutionProperties) = preSolution
		HideSolutionNode = FALSE
	EndGlobalSection
	GlobalSection(ExtensibilityGlobals) = postSolution
		SolutionGuid = {F7403034-4B56-4489-B9E8-F9067AAB4FB9}
	EndGlobalSection
EndGlobal
