
Microsoft Visual Studio Solution File, Format Version 12.00
# Visual Studio Version 17
VisualStudioVersion = 17.5.33530.505
MinimumVisualStudioVersion = 10.0.40219.1
Project("{FAE04EC0-301F-11D3-BF4B-00C04F79EFBC}") = "Programa38", "Programa38\Programa38.csproj", "{053C0088-2FBE-4FD5-B3D2-C3B0BCD769D0}"
EndProject
Global
	GlobalSection(SolutionConfigurationPlatforms) = preSolution
		Debug|Any CPU = Debug|Any CPU
		Release|Any CPU = Release|Any CPU
	EndGlobalSection
	GlobalSection(ProjectConfigurationPlatforms) = postSolution
		{053C0088-2FBE-4FD5-B3D2-C3B0BCD769D0}.Debug|Any CPU.ActiveCfg = Debug|Any CPU
		{053C0088-2FBE-4FD5-B3D2-C3B0BCD769D0}.Debug|Any CPU.Build.0 = Debug|Any CPU
		{053C0088-2FBE-4FD5-B3D2-C3B0BCD769D0}.Release|Any CPU.ActiveCfg = Release|Any CPU
		{053C0088-2FBE-4FD5-B3D2-C3B0BCD769D0}.Release|Any CPU.Build.0 = Release|Any CPU
	EndGlobalSection
	GlobalSection(SolutionProperties) = preSolution
		HideSolutionNode = FALSE
	EndGlobalSection
	GlobalSection(ExtensibilityGlobals) = postSolution
		SolutionGuid = {191A5AC5-2E8F-4C1D-964A-0FE813294C15}
	EndGlobalSection
EndGlobal
